
Microsoft Visual Studio Solution File, Format Version 12.00
# Visual Studio Version 16
VisualStudioVersion = 16.0.30621.155
MinimumVisualStudioVersion = 10.0.40219.1
Project("{2150E333-8FDC-42A3-9474-1A3956D46DE8}") = "IdentityServer4", "IdentityServer4", "{C0B413EF-C269-481C-80EF-14074FE8B41E}"
EndProject
Project("{2150E333-8FDC-42A3-9474-1A3956D46DE8}") = "Arithmetic", "Arithmetic", "{2A12B45F-256C-4524-873F-D06B7DBBD525}"
EndProject
Project("{9A19103F-16F7-4668-BE54-9A1E7A4F7556}") = "IdentityServer", "IdentityServer4\T.Learning.IdentityServer4.Web\IdentityServer.csproj", "{D02E7D5C-6C6E-47A5-81F9-7F2152C24D9A}"
EndProject
Project("{9A19103F-16F7-4668-BE54-9A1E7A4F7556}") = "T.Learning.Arithmetic", "Algorithm\T.Learning.Algorithm\T.Learning.Arithmetic.csproj", "{CB926DA2-059D-41D0-A9FF-5E1AA7EFB5FF}"
EndProject
Project("{9A19103F-16F7-4668-BE54-9A1E7A4F7556}") = "Client", "IdentityServer4\IdentityServer.Client\Client.csproj", "{E519BB0C-F333-4080-BE64-FF14C3A0E76A}"
EndProject
Project("{9A19103F-16F7-4668-BE54-9A1E7A4F7556}") = "Api", "IdentityServer4\IdentityServer.Api\Api.csproj", "{6118F658-D5E9-4531-94FE-D1361060A0A8}"
EndProject
Project("{2150E333-8FDC-42A3-9474-1A3956D46DE8}") = "Redis", "Redis", "{A437A35F-F560-4B27-813F-7EEAC17C5B4D}"
EndProject
Project("{9A19103F-16F7-4668-BE54-9A1E7A4F7556}") = "T.Redis", "Redis\T.Redis\T.Redis.csproj", "{62A12F0E-85B3-4E01-B150-9F2A86C00AEA}"
EndProject
Project("{2150E333-8FDC-42A3-9474-1A3956D46DE8}") = "RabbitMQ", "RabbitMQ", "{A47E187E-D35B-458B-BDF6-D14A2DF0F361}"
EndProject
Project("{9A19103F-16F7-4668-BE54-9A1E7A4F7556}") = "Mq.Send", "RabbitMQ\Mq.Send\Mq.Send.csproj", "{F18C1F7D-D5CF-4D6B-8A1F-E1597FE2F33C}"
EndProject
Project("{9A19103F-16F7-4668-BE54-9A1E7A4F7556}") = "Mq.Receive2", "RabbitMQ\Mq.Receive2\Mq.Receive2.csproj", "{BBAFFB18-B85D-42B0-B102-4DAA18E08FB8}"
EndProject
Project("{9A19103F-16F7-4668-BE54-9A1E7A4F7556}") = "Mq.Receive1", "RabbitMQ\Mq.Receive1\Mq.Receive1.csproj", "{C86FD555-B9AB-4975-BD7B-7AD8DCB22371}"
EndProject
Project("{2150E333-8FDC-42A3-9474-1A3956D46DE8}") = "EventBus", "EventBus", "{5B916AB4-36EF-4E62-A479-45115D5F947F}"
EndProject
Project("{9A19103F-16F7-4668-BE54-9A1E7A4F7556}") = "T.EventBus", "EventBus\T.EventBus\T.EventBus.csproj", "{6FE9340C-4717-4C2C-95FB-279BBCF04E20}"
EndProject
Project("{9A19103F-16F7-4668-BE54-9A1E7A4F7556}") = "T.EventBus.RabbitMQ", "EventBus\T.EventBus.RabbitMQ\T.EventBus.RabbitMQ.csproj", "{61D2FAA5-29C7-4F9D-AF4B-9B8BA561A0DB}"
EndProject
Project("{9A19103F-16F7-4668-BE54-9A1E7A4F7556}") = "T.EventBus.Test", "EventBus\T.EventBus.Test\T.EventBus.Test.csproj", "{6BEB80FD-F916-40D5-AF50-29471AC1A246}"
EndProject
Project("{2150E333-8FDC-42A3-9474-1A3956D46DE8}") = "DI", "DI", "{1AF10C01-B3EA-47C3-91F9-0BF807313FA5}"
EndProject
Project("{FAE04EC0-301F-11D3-BF4B-00C04F79EFBC}") = "T.DI", "DI\T.DI\T.DI.csproj", "{E95C615E-9DFB-4313-9D22-9CD2EE27B349}"
EndProject
Global
	GlobalSection(SolutionConfigurationPlatforms) = preSolution
		Debug|Any CPU = Debug|Any CPU
		Release|Any CPU = Release|Any CPU
	EndGlobalSection
	GlobalSection(ProjectConfigurationPlatforms) = postSolution
		{D02E7D5C-6C6E-47A5-81F9-7F2152C24D9A}.Debug|Any CPU.ActiveCfg = Debug|Any CPU
		{D02E7D5C-6C6E-47A5-81F9-7F2152C24D9A}.Debug|Any CPU.Build.0 = Debug|Any CPU
		{D02E7D5C-6C6E-47A5-81F9-7F2152C24D9A}.Release|Any CPU.ActiveCfg = Release|Any CPU
		{D02E7D5C-6C6E-47A5-81F9-7F2152C24D9A}.Release|Any CPU.Build.0 = Release|Any CPU
		{CB926DA2-059D-41D0-A9FF-5E1AA7EFB5FF}.Debug|Any CPU.ActiveCfg = Debug|Any CPU
		{CB926DA2-059D-41D0-A9FF-5E1AA7EFB5FF}.Debug|Any CPU.Build.0 = Debug|Any CPU
		{CB926DA2-059D-41D0-A9FF-5E1AA7EFB5FF}.Release|Any CPU.ActiveCfg = Release|Any CPU
		{CB926DA2-059D-41D0-A9FF-5E1AA7EFB5FF}.Release|Any CPU.Build.0 = Release|Any CPU
		{E519BB0C-F333-4080-BE64-FF14C3A0E76A}.Debug|Any CPU.ActiveCfg = Debug|Any CPU
		{E519BB0C-F333-4080-BE64-FF14C3A0E76A}.Debug|Any CPU.Build.0 = Debug|Any CPU
		{E519BB0C-F333-4080-BE64-FF14C3A0E76A}.Release|Any CPU.ActiveCfg = Release|Any CPU
		{E519BB0C-F333-4080-BE64-FF14C3A0E76A}.Release|Any CPU.Build.0 = Release|Any CPU
		{6118F658-D5E9-4531-94FE-D1361060A0A8}.Debug|Any CPU.ActiveCfg = Debug|Any CPU
		{6118F658-D5E9-4531-94FE-D1361060A0A8}.Debug|Any CPU.Build.0 = Debug|Any CPU
		{6118F658-D5E9-4531-94FE-D1361060A0A8}.Release|Any CPU.ActiveCfg = Release|Any CPU
		{6118F658-D5E9-4531-94FE-D1361060A0A8}.Release|Any CPU.Build.0 = Release|Any CPU
		{62A12F0E-85B3-4E01-B150-9F2A86C00AEA}.Debug|Any CPU.ActiveCfg = Debug|Any CPU
		{62A12F0E-85B3-4E01-B150-9F2A86C00AEA}.Debug|Any CPU.Build.0 = Debug|Any CPU
		{62A12F0E-85B3-4E01-B150-9F2A86C00AEA}.Release|Any CPU.ActiveCfg = Release|Any CPU
		{62A12F0E-85B3-4E01-B150-9F2A86C00AEA}.Release|Any CPU.Build.0 = Release|Any CPU
		{F18C1F7D-D5CF-4D6B-8A1F-E1597FE2F33C}.Debug|Any CPU.ActiveCfg = Debug|Any CPU
		{F18C1F7D-D5CF-4D6B-8A1F-E1597FE2F33C}.Debug|Any CPU.Build.0 = Debug|Any CPU
		{F18C1F7D-D5CF-4D6B-8A1F-E1597FE2F33C}.Release|Any CPU.ActiveCfg = Release|Any CPU
		{F18C1F7D-D5CF-4D6B-8A1F-E1597FE2F33C}.Release|Any CPU.Build.0 = Release|Any CPU
		{BBAFFB18-B85D-42B0-B102-4DAA18E08FB8}.Debug|Any CPU.ActiveCfg = Debug|Any CPU
		{BBAFFB18-B85D-42B0-B102-4DAA18E08FB8}.Debug|Any CPU.Build.0 = Debug|Any CPU
		{BBAFFB18-B85D-42B0-B102-4DAA18E08FB8}.Release|Any CPU.ActiveCfg = Release|Any CPU
		{BBAFFB18-B85D-42B0-B102-4DAA18E08FB8}.Release|Any CPU.Build.0 = Release|Any CPU
		{C86FD555-B9AB-4975-BD7B-7AD8DCB22371}.Debug|Any CPU.ActiveCfg = Debug|Any CPU
		{C86FD555-B9AB-4975-BD7B-7AD8DCB22371}.Debug|Any CPU.Build.0 = Debug|Any CPU
		{C86FD555-B9AB-4975-BD7B-7AD8DCB22371}.Release|Any CPU.ActiveCfg = Release|Any CPU
		{C86FD555-B9AB-4975-BD7B-7AD8DCB22371}.Release|Any CPU.Build.0 = Release|Any CPU
		{6FE9340C-4717-4C2C-95FB-279BBCF04E20}.Debug|Any CPU.ActiveCfg = Debug|Any CPU
		{6FE9340C-4717-4C2C-95FB-279BBCF04E20}.Debug|Any CPU.Build.0 = Debug|Any CPU
		{6FE9340C-4717-4C2C-95FB-279BBCF04E20}.Release|Any CPU.ActiveCfg = Release|Any CPU
		{6FE9340C-4717-4C2C-95FB-279BBCF04E20}.Release|Any CPU.Build.0 = Release|Any CPU
		{61D2FAA5-29C7-4F9D-AF4B-9B8BA561A0DB}.Debug|Any CPU.ActiveCfg = Debug|Any CPU
		{61D2FAA5-29C7-4F9D-AF4B-9B8BA561A0DB}.Debug|Any CPU.Build.0 = Debug|Any CPU
		{61D2FAA5-29C7-4F9D-AF4B-9B8BA561A0DB}.Release|Any CPU.ActiveCfg = Release|Any CPU
		{61D2FAA5-29C7-4F9D-AF4B-9B8BA561A0DB}.Release|Any CPU.Build.0 = Release|Any CPU
		{6BEB80FD-F916-40D5-AF50-29471AC1A246}.Debug|Any CPU.ActiveCfg = Debug|Any CPU
		{6BEB80FD-F916-40D5-AF50-29471AC1A246}.Debug|Any CPU.Build.0 = Debug|Any CPU
		{6BEB80FD-F916-40D5-AF50-29471AC1A246}.Release|Any CPU.ActiveCfg = Release|Any CPU
		{6BEB80FD-F916-40D5-AF50-29471AC1A246}.Release|Any CPU.Build.0 = Release|Any CPU
		{E95C615E-9DFB-4313-9D22-9CD2EE27B349}.Debug|Any CPU.ActiveCfg = Debug|Any CPU
		{E95C615E-9DFB-4313-9D22-9CD2EE27B349}.Debug|Any CPU.Build.0 = Debug|Any CPU
		{E95C615E-9DFB-4313-9D22-9CD2EE27B349}.Release|Any CPU.ActiveCfg = Release|Any CPU
		{E95C615E-9DFB-4313-9D22-9CD2EE27B349}.Release|Any CPU.Build.0 = Release|Any CPU
	EndGlobalSection
	GlobalSection(SolutionProperties) = preSolution
		HideSolutionNode = FALSE
	EndGlobalSection
	GlobalSection(NestedProjects) = preSolution
		{D02E7D5C-6C6E-47A5-81F9-7F2152C24D9A} = {C0B413EF-C269-481C-80EF-14074FE8B41E}
		{CB926DA2-059D-41D0-A9FF-5E1AA7EFB5FF} = {2A12B45F-256C-4524-873F-D06B7DBBD525}
		{E519BB0C-F333-4080-BE64-FF14C3A0E76A} = {C0B413EF-C269-481C-80EF-14074FE8B41E}
		{6118F658-D5E9-4531-94FE-D1361060A0A8} = {C0B413EF-C269-481C-80EF-14074FE8B41E}
		{62A12F0E-85B3-4E01-B150-9F2A86C00AEA} = {A437A35F-F560-4B27-813F-7EEAC17C5B4D}
		{F18C1F7D-D5CF-4D6B-8A1F-E1597FE2F33C} = {A47E187E-D35B-458B-BDF6-D14A2DF0F361}
		{BBAFFB18-B85D-42B0-B102-4DAA18E08FB8} = {A47E187E-D35B-458B-BDF6-D14A2DF0F361}
		{C86FD555-B9AB-4975-BD7B-7AD8DCB22371} = {A47E187E-D35B-458B-BDF6-D14A2DF0F361}
		{6FE9340C-4717-4C2C-95FB-279BBCF04E20} = {5B916AB4-36EF-4E62-A479-45115D5F947F}
		{61D2FAA5-29C7-4F9D-AF4B-9B8BA561A0DB} = {5B916AB4-36EF-4E62-A479-45115D5F947F}
		{6BEB80FD-F916-40D5-AF50-29471AC1A246} = {5B916AB4-36EF-4E62-A479-45115D5F947F}
		{E95C615E-9DFB-4313-9D22-9CD2EE27B349} = {1AF10C01-B3EA-47C3-91F9-0BF807313FA5}
	EndGlobalSection
	GlobalSection(ExtensibilityGlobals) = postSolution
		SolutionGuid = {12C2BDCE-55FA-47FD-A448-87137B476A30}
	EndGlobalSection
EndGlobal
